
Microsoft Visual Studio Solution File, Format Version 12.00
# Visual Studio for Mac
Project("{FAE04EC0-301F-11D3-BF4B-00C04F79EFBC}") = "Assembly-CSharp", "Assembly-CSharp.csproj", "{27293EB8-CC2A-088B-6844-D3D4F778A99E}"
EndProject
Project("{FAE04EC0-301F-11D3-BF4B-00C04F79EFBC}") = "Assembly-CSharp-Editor", "Assembly-CSharp-Editor.csproj", "{E9BFD514-F4C7-913D-3334-EA15A543D238}"
EndProject
Global
	GlobalSection(SolutionConfigurationPlatforms) = preSolution
		Debug|Any CPU = Debug|Any CPU
		Release|Any CPU = Release|Any CPU
	EndGlobalSection
	GlobalSection(ProjectConfigurationPlatforms) = postSolution
		{27293EB8-CC2A-088B-6844-D3D4F778A99E}.Debug|Any CPU.ActiveCfg = Debug|Any CPU
		{27293EB8-CC2A-088B-6844-D3D4F778A99E}.Debug|Any CPU.Build.0 = Debug|Any CPU
		{27293EB8-CC2A-088B-6844-D3D4F778A99E}.Release|Any CPU.ActiveCfg = Release|Any CPU
		{27293EB8-CC2A-088B-6844-D3D4F778A99E}.Release|Any CPU.Build.0 = Release|Any CPU
		{E9BFD514-F4C7-913D-3334-EA15A543D238}.Debug|Any CPU.ActiveCfg = Debug|Any CPU
		{E9BFD514-F4C7-913D-3334-EA15A543D238}.Debug|Any CPU.Build.0 = Debug|Any CPU
		{E9BFD514-F4C7-913D-3334-EA15A543D238}.Release|Any CPU.ActiveCfg = Release|Any CPU
		{E9BFD514-F4C7-913D-3334-EA15A543D238}.Release|Any CPU.Build.0 = Release|Any CPU
	EndGlobalSection
	GlobalSection(SolutionProperties) = preSolution
		HideSolutionNode = FALSE
	EndGlobalSection
EndGlobal
